
Microsoft Visual Studio Solution File, Format Version 12.00
# Visual Studio 14
VisualStudioVersion = 14.0.25420.1
MinimumVisualStudioVersion = 10.0.40219.1
Project("{FAE04EC0-301F-11D3-BF4B-00C04F79EFBC}") = "BitOperations(Task1)", "BitOperations(Task1)\BitOperations(Task1).csproj", "{63A7160D-0FF3-4A6E-95EF-7C267BB39272}"
EndProject
Project("{FAE04EC0-301F-11D3-BF4B-00C04F79EFBC}") = "BitOperations.Test", "BitOperationsTest(Task1).Test\BitOperations.Test.csproj", "{F0FBFDDC-5912-4F4C-BF46-91A767E2F8B8}"
EndProject
Project("{FAE04EC0-301F-11D3-BF4B-00C04F79EFBC}") = "BitOperations.NUnitTest", "BitOperations.NUnitTest\BitOperations.NUnitTest.csproj", "{3B2691F9-AA21-4980-9314-C8609F136F53}"
EndProject
Project("{FAE04EC0-301F-11D3-BF4B-00C04F79EFBC}") = "NumberOperationsTask24", "NumberOperations(task2,4)\NumberOperationsTask24.csproj", "{5D91EB21-BB0D-4080-9F17-FBB38D12C227}"
EndProject
Project("{FAE04EC0-301F-11D3-BF4B-00C04F79EFBC}") = "NumberOperationsTask24.NUnitTest", "NumberOperations(task2,4).NUnitTest\NumberOperationsTask24.NUnitTest.csproj", "{B2CF644B-4938-4F0B-BBD8-C96FFE6A9DBD}"
EndProject
Global
	GlobalSection(SolutionConfigurationPlatforms) = preSolution
		Debug|Any CPU = Debug|Any CPU
		Release|Any CPU = Release|Any CPU
	EndGlobalSection
	GlobalSection(ProjectConfigurationPlatforms) = postSolution
		{63A7160D-0FF3-4A6E-95EF-7C267BB39272}.Debug|Any CPU.ActiveCfg = Debug|Any CPU
		{63A7160D-0FF3-4A6E-95EF-7C267BB39272}.Debug|Any CPU.Build.0 = Debug|Any CPU
		{63A7160D-0FF3-4A6E-95EF-7C267BB39272}.Release|Any CPU.ActiveCfg = Release|Any CPU
		{63A7160D-0FF3-4A6E-95EF-7C267BB39272}.Release|Any CPU.Build.0 = Release|Any CPU
		{F0FBFDDC-5912-4F4C-BF46-91A767E2F8B8}.Debug|Any CPU.ActiveCfg = Debug|Any CPU
		{F0FBFDDC-5912-4F4C-BF46-91A767E2F8B8}.Debug|Any CPU.Build.0 = Debug|Any CPU
		{F0FBFDDC-5912-4F4C-BF46-91A767E2F8B8}.Release|Any CPU.ActiveCfg = Release|Any CPU
		{F0FBFDDC-5912-4F4C-BF46-91A767E2F8B8}.Release|Any CPU.Build.0 = Release|Any CPU
		{3B2691F9-AA21-4980-9314-C8609F136F53}.Debug|Any CPU.ActiveCfg = Debug|Any CPU
		{3B2691F9-AA21-4980-9314-C8609F136F53}.Debug|Any CPU.Build.0 = Debug|Any CPU
		{3B2691F9-AA21-4980-9314-C8609F136F53}.Release|Any CPU.ActiveCfg = Release|Any CPU
		{3B2691F9-AA21-4980-9314-C8609F136F53}.Release|Any CPU.Build.0 = Release|Any CPU
		{5D91EB21-BB0D-4080-9F17-FBB38D12C227}.Debug|Any CPU.ActiveCfg = Debug|Any CPU
		{5D91EB21-BB0D-4080-9F17-FBB38D12C227}.Debug|Any CPU.Build.0 = Debug|Any CPU
		{5D91EB21-BB0D-4080-9F17-FBB38D12C227}.Release|Any CPU.ActiveCfg = Release|Any CPU
		{5D91EB21-BB0D-4080-9F17-FBB38D12C227}.Release|Any CPU.Build.0 = Release|Any CPU
		{B2CF644B-4938-4F0B-BBD8-C96FFE6A9DBD}.Debug|Any CPU.ActiveCfg = Debug|Any CPU
		{B2CF644B-4938-4F0B-BBD8-C96FFE6A9DBD}.Debug|Any CPU.Build.0 = Debug|Any CPU
		{B2CF644B-4938-4F0B-BBD8-C96FFE6A9DBD}.Release|Any CPU.ActiveCfg = Release|Any CPU
		{B2CF644B-4938-4F0B-BBD8-C96FFE6A9DBD}.Release|Any CPU.Build.0 = Release|Any CPU
	EndGlobalSection
	GlobalSection(SolutionProperties) = preSolution
		HideSolutionNode = FALSE
	EndGlobalSection
EndGlobal
